
Microsoft Visual Studio Solution File, Format Version 12.00
# Visual Studio Version 17
VisualStudioVersion = 17.10.35122.118
MinimumVisualStudioVersion = 10.0.40219.1
Project("{FAE04EC0-301F-11D3-BF4B-00C04F79EFBC}") = "LearningPlatform", "LearningPlatform\LearningPlatform.csproj", "{6464270F-3D32-49CE-83F0-BADE5D69500A}"
EndProject
Global
	GlobalSection(SolutionConfigurationPlatforms) = preSolution
		Debug|Any CPU = Debug|Any CPU
		Release|Any CPU = Release|Any CPU
	EndGlobalSection
	GlobalSection(ProjectConfigurationPlatforms) = postSolution
		{6464270F-3D32-49CE-83F0-BADE5D69500A}.Debug|Any CPU.ActiveCfg = Debug|Any CPU
		{6464270F-3D32-49CE-83F0-BADE5D69500A}.Debug|Any CPU.Build.0 = Debug|Any CPU
		{6464270F-3D32-49CE-83F0-BADE5D69500A}.Release|Any CPU.ActiveCfg = Release|Any CPU
		{6464270F-3D32-49CE-83F0-BADE5D69500A}.Release|Any CPU.Build.0 = Release|Any CPU
	EndGlobalSection
	GlobalSection(SolutionProperties) = preSolution
		HideSolutionNode = FALSE
	EndGlobalSection
	GlobalSection(ExtensibilityGlobals) = postSolution
		SolutionGuid = {9D6F16CD-A17B-4246-8A18-9FFAA2BE7B5C}
	EndGlobalSection
EndGlobal
